
Microsoft Visual Studio Solution File, Format Version 12.00
# Visual Studio Version 17
VisualStudioVersion = 17.1.32414.318
MinimumVisualStudioVersion = 10.0.40219.1
Project("{FAE04EC0-301F-11D3-BF4B-00C04F79EFBC}") = "BlazorWpf", "BlazorWpf.csproj", "{3BCC8650-4DAC-4659-8A1E-E47290FC84FF}"
EndProject
Global
	GlobalSection(SolutionConfigurationPlatforms) = preSolution
		Debug|Any CPU = Debug|Any CPU
		Release|Any CPU = Release|Any CPU
	EndGlobalSection
	GlobalSection(ProjectConfigurationPlatforms) = postSolution
		{3BCC8650-4DAC-4659-8A1E-E47290FC84FF}.Debug|Any CPU.ActiveCfg = Debug|Any CPU
		{3BCC8650-4DAC-4659-8A1E-E47290FC84FF}.Debug|Any CPU.Build.0 = Debug|Any CPU
		{3BCC8650-4DAC-4659-8A1E-E47290FC84FF}.Release|Any CPU.ActiveCfg = Release|Any CPU
		{3BCC8650-4DAC-4659-8A1E-E47290FC84FF}.Release|Any CPU.Build.0 = Release|Any CPU
	EndGlobalSection
	GlobalSection(SolutionProperties) = preSolution
		HideSolutionNode = FALSE
	EndGlobalSection
	GlobalSection(ExtensibilityGlobals) = postSolution
		SolutionGuid = {D1388F8D-369A-468B-A695-CFFE0851B7B5}
	EndGlobalSection
EndGlobal
